
Microsoft Visual Studio Solution File, Format Version 12.00
# Visual Studio Version 17
VisualStudioVersion = 17.4.33213.308
MinimumVisualStudioVersion = 10.0.40219.1
Project("{FAE04EC0-301F-11D3-BF4B-00C04F79EFBC}") = "oop_lab2", "oop_lab2\oop_lab2.csproj", "{B51DFD41-631F-4462-B199-FFB12BDEBF6C}"
EndProject
Global
	GlobalSection(SolutionConfigurationPlatforms) = preSolution
		Debug|Any CPU = Debug|Any CPU
		Release|Any CPU = Release|Any CPU
	EndGlobalSection
	GlobalSection(ProjectConfigurationPlatforms) = postSolution
		{B51DFD41-631F-4462-B199-FFB12BDEBF6C}.Debug|Any CPU.ActiveCfg = Debug|Any CPU
		{B51DFD41-631F-4462-B199-FFB12BDEBF6C}.Debug|Any CPU.Build.0 = Debug|Any CPU
		{B51DFD41-631F-4462-B199-FFB12BDEBF6C}.Release|Any CPU.ActiveCfg = Release|Any CPU
		{B51DFD41-631F-4462-B199-FFB12BDEBF6C}.Release|Any CPU.Build.0 = Release|Any CPU
	EndGlobalSection
	GlobalSection(SolutionProperties) = preSolution
		HideSolutionNode = FALSE
	EndGlobalSection
	GlobalSection(ExtensibilityGlobals) = postSolution
		SolutionGuid = {0432DFE3-F889-4F7E-93AA-98C910523065}
	EndGlobalSection
EndGlobal
